
Microsoft Visual Studio Solution File, Format Version 12.00
# Visual Studio Version 17
VisualStudioVersion = 17.9.34723.18
MinimumVisualStudioVersion = 10.0.40219.1
Project("{8BC9CEB8-8B4A-11D0-8D11-00A0C91BC942}") = "Nerds_", "Nerds_.vcxproj", "{F2B66D2D-D648-405E-93E2-FFBACF9B43A6}"
EndProject
Global
	GlobalSection(SolutionConfigurationPlatforms) = preSolution
		Debug|x64 = Debug|x64
		Release|x64 = Release|x64
	EndGlobalSection
	GlobalSection(ProjectConfigurationPlatforms) = postSolution
		{F2B66D2D-D648-405E-93E2-FFBACF9B43A6}.Debug|x64.ActiveCfg = Debug|x64
		{F2B66D2D-D648-405E-93E2-FFBACF9B43A6}.Debug|x64.Build.0 = Debug|x64
		{F2B66D2D-D648-405E-93E2-FFBACF9B43A6}.Release|x64.ActiveCfg = Release|x64
		{F2B66D2D-D648-405E-93E2-FFBACF9B43A6}.Release|x64.Build.0 = Release|x64
	EndGlobalSection
	GlobalSection(SolutionProperties) = preSolution
		HideSolutionNode = FALSE
	EndGlobalSection
	GlobalSection(ExtensibilityGlobals) = postSolution
		SolutionGuid = {6D7D45DE-B933-43B8-8FC0-8ED7EE8CCB41}
	EndGlobalSection
EndGlobal
